{
  "name": "test_pretender",
  "version": "1.0.0",
  "lockfileVersion": 2,
  "requires": true,
  "packages": {
    "": {
      "version": "1.0.0",
      "license": "ISC",
      "devDependencies": {
        "pretender": "^3.4.3"
      }
    },
    "node_modules/fake-xml-http-request": {
      "version": "2.1.1",
      "resolved": "https://registry.npmjs.org/fake-xml-http-request/-/fake-xml-http-request-2.1.1.tgz",
      "integrity": "sha512-Kn2WYYS6cDBS5jq/voOfSGCA0TafOYAUPbEp8mUVpD/DVV5bQIDjlq+MLLvNUokkbTpjBVlLDaM5PnX+PwZMlw==",
      "dev": true,
      "engines": {
        "node": ">=4"
      }
    },
    "node_modules/pretender": {
      "version": "3.4.3",
      "resolved": "https://registry.npmjs.org/pretender/-/pretender-3.4.3.tgz",
      "integrity": "sha512-AlbkBly9R8KR+R0sTCJ/ToOeEoUMtt52QVCetui5zoSmeLOU3S8oobFsyPLm1O2txR6t58qDNysqPnA1vVi8Hg==",
      "dev": true,
      "dependencies": {
        "fake-xml-http-request": "^2.1.1",
        "route-recognizer": "^0.3.3"
      }
    },
    "node_modules/route-recognizer": {
      "version": "0.3.4",
      "resolved": "https://registry.npmjs.org/route-recognizer/-/route-recognizer-0.3.4.tgz",
      "integrity": "sha512-2+MhsfPhvauN1O8KaXpXAOfR/fwe8dnUXVM+xw7yt40lJRfPVQxV6yryZm0cgRvAj5fMF/mdRZbL2ptwbs5i2g==",
      "dev": true
    }
  },
  "dependencies": {
    "fake-xml-http-request": {
      "version": "2.1.1",
      "resolved": "https://registry.npmjs.org/fake-xml-http-request/-/fake-xml-http-request-2.1.1.tgz",
      "integrity": "sha512-Kn2WYYS6cDBS5jq/voOfSGCA0TafOYAUPbEp8mUVpD/DVV5bQIDjlq+MLLvNUokkbTpjBVlLDaM5PnX+PwZMlw==",
      "dev": true
    },
    "pretender": {
      "version": "3.4.3",
      "resolved": "https://registry.npmjs.org/pretender/-/pretender-3.4.3.tgz",
      "integrity": "sha512-AlbkBly9R8KR+R0sTCJ/ToOeEoUMtt52QVCetui5zoSmeLOU3S8oobFsyPLm1O2txR6t58qDNysqPnA1vVi8Hg==",
      "dev": true,
      "requires": {
        "fake-xml-http-request": "^2.1.1",
        "route-recognizer": "^0.3.3"
      }
    },
    "route-recognizer": {
      "version": "0.3.4",
      "resolved": "https://registry.npmjs.org/route-recognizer/-/route-recognizer-0.3.4.tgz",
      "integrity": "sha512-2+MhsfPhvauN1O8KaXpXAOfR/fwe8dnUXVM+xw7yt40lJRfPVQxV6yryZm0cgRvAj5fMF/mdRZbL2ptwbs5i2g==",
      "dev": true
    }
  }
}
